
Microsoft Visual Studio Solution File, Format Version 12.00
# Visual Studio Version 17
VisualStudioVersion = 17.14.36717.8
MinimumVisualStudioVersion = 10.0.40219.1
Project("{FAE04EC0-301F-11D3-BF4B-00C04F79EFBC}") = "Zaya.Primitives", "src\Zaya.Primitives\Zaya.Primitives.csproj", "{3D7E8A2B-F1C4-4A96-9E5D-6B8C7A1F4E2D}"
EndProject
Global
	GlobalSection(SolutionConfigurationPlatforms) = preSolution
		Debug|Any CPU = Debug|Any CPU
		Release|Any CPU = Release|Any CPU
	EndGlobalSection
	GlobalSection(ProjectConfigurationPlatforms) = postSolution
		{3D7E8A2B-F1C4-4A96-9E5D-6B8C7A1F4E2D}.Debug|Any CPU.ActiveCfg = Debug|Any CPU
		{3D7E8A2B-F1C4-4A96-9E5D-6B8C7A1F4E2D}.Debug|Any CPU.Build.0 = Debug|Any CPU
		{3D7E8A2B-F1C4-4A96-9E5D-6B8C7A1F4E2D}.Release|Any CPU.ActiveCfg = Release|Any CPU
		{3D7E8A2B-F1C4-4A96-9E5D-6B8C7A1F4E2D}.Release|Any CPU.Build.0 = Release|Any CPU
	EndGlobalSection
	GlobalSection(SolutionProperties) = preSolution
		HideSolutionNode = FALSE
	EndGlobalSection
	GlobalSection(ExtensibilityGlobals) = postSolution
		SolutionGuid = {A1B2C3D4-E5F6-7890-ABCD-EF1234567890}
	EndGlobalSection
EndGlobal
